<?xml version="1.0" encoding="UTF-8"?>
<CONFIG>
  <ProjectOptions>
    <Version Value="12"/>
    <PathDelim Value="\"/>
    <General>
      <SessionStorage Value="InProjectDir"/>
      <Title Value="Frame"/>
      <Scaled Value="True"/>
      <UseAppBundle Value="False"/>
      <ResourceType Value="res"/>
    </General>
    <VersionInfo>
      <UseVersionInfo Value="True"/>
      <AutoIncrementBuild Value="True"/>
      <MajorVersionNr Value="24"/>
      <MinorVersionNr Value="2"/>
      <RevisionNr Value="14"/>
      <BuildNr Value="4"/>
    </VersionInfo>
    <BuildModes>
      <Item Name="ATMega328P" Default="True"/>
      <Item Name="ATtiny45">
        <CompilerOptions>
          <Version Value="11"/>
          <PathDelim Value="\"/>
          <Target>
            <Filename Value="Frame"/>
          </Target>
          <SearchPaths>
            <IncludeFiles Value="$(ProjOutDir)"/>
            <OtherUnitFiles Value="\home\vamlyktan\Entwicklung\Programmierung\API\UART\;..\..\Programmierung\API\Neo_Pixel;..\..\Programmierung\Lazarus;..\..\Programmierung\API\EEProm;\home\vamlyktan\Entwicklung\Programmierung\Lazarus\"/>
            <UnitOutputDirectory Value="lib\$(TargetCPU)-$(TargetOS)"/>
          </SearchPaths>
          <CodeGeneration>
            <TargetProcessor Value="AVR25"/>
            <TargetCPU Value="avr"/>
            <TargetOS Value="embedded"/>
            <Optimizations>
              <OptimizationLevel Value="3"/>
            </Optimizations>
          </CodeGeneration>
          <Linking>
            <Debugging>
              <DebugInfoType Value="dsDwarf3"/>
              <UseLineInfoUnit Value="False"/>
            </Debugging>
          </Linking>
          <Other>
            <CustomOptions Value="-WpATtiny45
-al
-Sm

-dATtiny45
-OpAVR25"/>
            <ExecuteAfter>
              <Command Value="\usr\bin\avrdude -c stk500v2 -p t45 -P\dev\ttyACM0 -b57600 -U flash:w:$Path($(OutputFile))$NameOnly($(TargetFile)).hex"/>
            </ExecuteAfter>
          </Other>
        </CompilerOptions>
      </Item>
      <Item Name="ATtiny85">
        <CompilerOptions>
          <Version Value="11"/>
          <PathDelim Value="\"/>
          <Target>
            <Filename Value="Frame"/>
          </Target>
          <SearchPaths>
            <IncludeFiles Value="$(ProjOutDir)"/>
            <OtherUnitFiles Value="\home\vamlyktan\Entwicklung\Programmierung\API\UART\;..\..\Programmierung\API\Neo_Pixel;..\..\Programmierung\Lazarus;..\..\Programmierung\API\EEProm;\home\vamlyktan\Entwicklung\Programmierung\Lazarus\"/>
            <UnitOutputDirectory Value="lib\$(TargetCPU)-$(TargetOS)"/>
          </SearchPaths>
          <Parsing>
            <SyntaxOptions>
              <CStyleMacros Value="True"/>
            </SyntaxOptions>
          </Parsing>
          <CodeGeneration>
            <TargetProcessor Value="AVR25"/>
            <TargetCPU Value="avr"/>
            <TargetOS Value="embedded"/>
            <Optimizations>
              <OptimizationLevel Value="3"/>
            </Optimizations>
          </CodeGeneration>
          <Linking>
            <Debugging>
              <DebugInfoType Value="dsDwarf3"/>
              <UseLineInfoUnit Value="False"/>
            </Debugging>
          </Linking>
          <Other>
            <Verbosity>
              <ShowCond Value="True"/>
            </Verbosity>
            <CustomOptions Value="-WpATtiny85
-al
-dF_CPU:=8000000
-dATtiny85
-OpAVR25"/>
            <ExecuteAfter>
              <Command Value="\usr\bin\avrdude -c stk500v2 -p t85 -P\dev\ttyACM0 -b57600 -U flash:w:$Path($(OutputFile))$NameOnly($(TargetFile)).hex"/>
            </ExecuteAfter>
          </Other>
          <CompileReasons Run="False"/>
        </CompilerOptions>
      </Item>
      <Item Name="ATMega16">
        <CompilerOptions>
          <Version Value="11"/>
          <PathDelim Value="\"/>
          <Target>
            <Filename Value="Frame"/>
          </Target>
          <SearchPaths>
            <IncludeFiles Value="$(ProjOutDir)"/>
            <OtherUnitFiles Value="\home\vamlyktan\Entwicklung\Programmierung\API\UART\;..\..\Programmierung\API\Neo_Pixel;..\..\Programmierung\Lazarus;..\..\Programmierung\API\EEProm;\home\vamlyktan\Entwicklung\Programmierung\Lazarus\"/>
            <UnitOutputDirectory Value="lib\$(TargetCPU)-$(TargetOS)"/>
          </SearchPaths>
          <Parsing>
            <SyntaxOptions>
              <CStyleMacros Value="True"/>
            </SyntaxOptions>
          </Parsing>
          <CodeGeneration>
            <TargetProcessor Value="AVR25"/>
            <TargetCPU Value="avr"/>
            <TargetOS Value="embedded"/>
            <Optimizations>
              <OptimizationLevel Value="3"/>
            </Optimizations>
          </CodeGeneration>
          <Linking>
            <Debugging>
              <DebugInfoType Value="dsDwarf3"/>
              <UseLineInfoUnit Value="False"/>
            </Debugging>
          </Linking>
          <Other>
            <Verbosity>
              <ShowCond Value="True"/>
            </Verbosity>
            <CustomOptions Value="-WpATMega16
-al
-df_cpu:=8000000
-dATMega16p
-OpAVR5"/>
            <ExecuteAfter>
              <Command Value="\usr\bin\avrdude -c stk500v2 -p m16 -P\dev\ttyACM0 -b57600 -U flash:w:$Path($(OutputFile))$NameOnly($(TargetFile)).hex"/>
            </ExecuteAfter>
          </Other>
          <CompileReasons Run="False"/>
        </CompilerOptions>
      </Item>
      <Item Name="Linux">
        <CompilerOptions>
          <Version Value="11"/>
          <PathDelim Value="\"/>
          <Target>
            <Filename Value="ToUse\Frame"/>
          </Target>
          <SearchPaths>
            <IncludeFiles Value="$(ProjOutDir)"/>
            <Libraries Value="\usr\lib\x86_64-linux-gnu\"/>
            <OtherUnitFiles Value="Projektunits;..\..\..\Programmierung\Lazarus"/>
            <UnitOutputDirectory Value="lib\$(TargetCPU)-$(TargetOS)"/>
          </SearchPaths>
          <Parsing>
            <SyntaxOptions>
              <IncludeAssertionCode Value="True"/>
            </SyntaxOptions>
          </Parsing>
          <CodeGeneration>
            <SmartLinkUnit Value="True"/>
            <RelocatableUnit Value="True"/>
            <Checks>
              <IOChecks Value="True"/>
              <RangeChecks Value="True"/>
              <OverflowChecks Value="True"/>
              <StackChecks Value="True"/>
            </Checks>
            <VerifyObjMethodCallValidity Value="True"/>
            <TargetCPU Value="x86_64"/>
            <TargetOS Value="linux"/>
            <Optimizations>
              <OptimizationLevel Value="3"/>
            </Optimizations>
            <SmallerCode Value="True"/>
          </CodeGeneration>
          <Linking>
            <Debugging>
              <DebugInfoType Value="dsDwarf3"/>
              <UseHeaptrc Value="True"/>
            </Debugging>
            <LinkSmart Value="True"/>
          </Linking>
          <Other>
            <CustomOptions Value="-d_TrackFrame
-d_VJ_Set
-dTrackID
-dDJ
-d_VJ
-d_Prog
-d_Ethernet
-d_Run
-d_Test
-dOBS_Tools
-dTh_read"/>
            <OtherDefines Count="12">
              <Define0 Value="_TrackFrame"/>
              <Define1 Value="_VJ_Set"/>
              <Define2 Value="TrackID"/>
              <Define3 Value="DJ"/>
              <Define4 Value="_VJ"/>
              <Define5 Value="_Prog"/>
              <Define6 Value="_Ethernet"/>
              <Define7 Value="_Run"/>
              <Define8 Value="_Test"/>
              <Define9 Value="Cue"/>
              <Define10 Value="OBS_Tools"/>
              <Define11 Value="_Cue"/>
            </OtherDefines>
          </Other>
        </CompilerOptions>
      </Item>
      <Item Name="Debug">
        <CompilerOptions>
          <Version Value="11"/>
          <PathDelim Value="\"/>
          <Target>
            <Filename Value="ToUse\Frame"/>
          </Target>
          <SearchPaths>
            <IncludeFiles Value="$(ProjOutDir);..\..\..\..\fpcupdeluxe\fpcsrc\rtl\unix"/>
            <Libraries Value="\usr\lib\x86_64-linux-gnu\"/>
            <OtherUnitFiles Value="\home\vamlyktan\Entwicklung\Programmierung\Lazarus\;..\..\..\Programmierung\MyFrames"/>
            <UnitOutputDirectory Value="lib\$(TargetCPU)-$(TargetOS)"/>
          </SearchPaths>
          <Parsing>
            <SyntaxOptions>
              <IncludeAssertionCode Value="True"/>
            </SyntaxOptions>
          </Parsing>
          <CodeGeneration>
            <RelocatableUnit Value="True"/>
            <Checks>
              <IOChecks Value="True"/>
              <RangeChecks Value="True"/>
              <OverflowChecks Value="True"/>
              <StackChecks Value="True"/>
            </Checks>
            <VerifyObjMethodCallValidity Value="True"/>
            <TargetProcessor Value="ATHLON64"/>
            <TargetCPU Value="x86_64"/>
            <TargetOS Value="linux"/>
          </CodeGeneration>
          <Linking>
            <Debugging>
              <DebugInfoType Value="dsDwarf3"/>
              <UseLineInfoUnit Value="False"/>
              <UseHeaptrc Value="True"/>
              <TrashVariables Value="True"/>
              <StripSymbols Value="True"/>
              <UseExternalDbgSyms Value="True"/>
            </Debugging>
          </Linking>
          <Other>
            <CustomOptions Value="-d_TrackFrame
-d_VJ_Set
-d_QR_Prog
-dTrackID
-dDJ
-d_VJ
-dProg
-d_Ethernet
-d_With_VideoCard
-d_With_VideoFile
-d_Run
-dTest"/>
          </Other>
        </CompilerOptions>
      </Item>
      <Item Name="Release">
        <CompilerOptions>
          <Version Value="11"/>
          <PathDelim Value="\"/>
          <Target>
            <Filename Value="ToUse\Frame"/>
          </Target>
          <SearchPaths>
            <IncludeFiles Value="$(ProjOutDir);..\..\..\..\fpcupdeluxe\fpcsrc\rtl\unix"/>
            <Libraries Value="\usr\lib\x86_64-linux-gnu\"/>
            <OtherUnitFiles Value="\home\vamlyktan\Entwicklung\Programmierung\Lazarus\;..\..\..\Programmierung\MyFrames"/>
            <UnitOutputDirectory Value="lib\$(TargetCPU)-$(TargetOS)"/>
          </SearchPaths>
          <CodeGeneration>
            <SmartLinkUnit Value="True"/>
            <RelocatableUnit Value="True"/>
            <TargetProcessor Value="ATHLON64"/>
            <TargetCPU Value="x86_64"/>
            <TargetOS Value="linux"/>
            <Optimizations>
              <OptimizationLevel Value="3"/>
            </Optimizations>
          </CodeGeneration>
          <Linking>
            <Debugging>
              <GenerateDebugInfo Value="False"/>
              <DebugInfoType Value="dsDwarf3"/>
              <UseLineInfoUnit Value="False"/>
              <StripSymbols Value="True"/>
            </Debugging>
            <LinkSmart Value="True"/>
          </Linking>
          <Other>
            <CustomOptions Value="-d_TrackFrame
-d_VJ_Set
-dTrackID
-dDJ
-d_VJ
-d_Prog
-d_Ethernet
-d_Run
-d_Test
-d_Cue
-dOBS_Tools"/>
          </Other>
        </CompilerOptions>
      </Item>
    </BuildModes>
    <PublishOptions>
      <Version Value="2"/>
      <UseFileFilters Value="True"/>
    </PublishOptions>
    <RunParams>
      <FormatVersion Value="2"/>
    </RunParams>
    <RequiredPackages>
      <Item>
        <PackageName Value="bgracontrols"/>
      </Item>
      <Item>
        <PackageName Value="LCL"/>
      </Item>
    </RequiredPackages>
    <Units>
      <Unit>
        <Filename Value="Frame.lpr"/>
        <IsPartOfProject Value="True"/>
      </Unit>
      <Unit>
        <Filename Value="..\..\..\Programmierung\Lazarus\ufunction.pas"/>
        <IsPartOfProject Value="True"/>
      </Unit>
      <Unit>
        <Filename Value="Projektunits\unit1.pas"/>
        <IsPartOfProject Value="True"/>
        <ComponentName Value="old_Track_ID"/>
        <HasResources Value="True"/>
        <ResourceBaseClass Value="Form"/>
      </Unit>
      <Unit>
        <Filename Value="..\..\..\Programmierung\Lazarus\uconst.pas"/>
        <IsPartOfProject Value="True"/>
      </Unit>
      <Unit>
        <Filename Value="..\..\..\Programmierung\Lazarus\set_data.pas"/>
        <IsPartOfProject Value="True"/>
      </Unit>
      <Unit>
        <Filename Value="..\..\..\Programmierung\Lazarus\uvar.pas"/>
        <IsPartOfProject Value="True"/>
      </Unit>
      <Unit>
        <Filename Value="Projektunits\main.pas"/>
        <IsPartOfProject Value="True"/>
        <ComponentName Value="Track_ID"/>
        <HasResources Value="True"/>
        <ResourceBaseClass Value="Form"/>
      </Unit>
    </Units>
    <Debugger>
      <StoreDebuggerClassConfInSession Value="True"/>
    </Debugger>
  </ProjectOptions>
  <CompilerOptions>
    <Version Value="11"/>
    <PathDelim Value="\"/>
    <Target>
      <Filename Value="Frame"/>
    </Target>
    <SearchPaths>
      <IncludeFiles Value="$(ProjOutDir)"/>
      <OtherUnitFiles Value="\home\vamlyktan\Entwicklung\Programmierung\API\UART\;..\..\Programmierung\API\Neo_Pixel;..\..\Programmierung\Lazarus;..\..\Programmierung\API\EEProm;\home\vamlyktan\Entwicklung\Programmierung\Lazarus\"/>
      <UnitOutputDirectory Value="lib\$(TargetCPU)-$(TargetOS)"/>
    </SearchPaths>
    <CodeGeneration>
      <TargetProcessor Value="AVR5"/>
      <TargetCPU Value="avr"/>
      <TargetOS Value="embedded"/>
    </CodeGeneration>
    <Linking>
      <Debugging>
        <DebugInfoType Value="dsDwarf3"/>
        <UseLineInfoUnit Value="False"/>
      </Debugging>
    </Linking>
    <Other>
      <CustomOptions Value="-WpATMega328p
-al
-Sm
-OpAVR5
-Ci
-dF_CPU:=8000000
-dATMega328p"/>
      <ExecuteAfter>
        <Command Value="\usr\bin\avrdude -c stk500v2 -p m328p -P\dev\ttyACM0 -b57600 -U flash:w:$Path($(OutputFile))$NameOnly($(TargetFile)).hex"/>
      </ExecuteAfter>
    </Other>
  </CompilerOptions>
  <Debugging>
    <Exceptions>
      <Item>
        <Name Value="EAbort"/>
      </Item>
      <Item>
        <Name Value="ECodetoolError"/>
      </Item>
      <Item>
        <Name Value="EFOpenError"/>
      </Item>
      <Item>
        <Name Value="EStringListError"/>
      </Item>
    </Exceptions>
  </Debugging>
</CONFIG>
