<?xml version="1.0" encoding="UTF-8"?>
<CONFIG>
  <ProjectOptions>
    <Version Value="12"/>
    <PathDelim Value="\"/>
    <General>
      <SessionStorage Value="InProjectDir"/>
      <Title Value="QR"/>
      <Scaled Value="True"/>
      <ResourceType Value="res"/>
      <UseXPManifest Value="True"/>
      <Icon Value="0"/>
    </General>
    <VersionInfo>
      <UseVersionInfo Value="True"/>
      <AutoIncrementBuild Value="True"/>
      <MajorVersionNr Value="1"/>
      <MinorVersionNr Value="2"/>
      <RevisionNr Value="30"/>
      <BuildNr Value="2"/>
      <Language Value="0407"/>
      <Attributes pvaPatched="True"/>
    </VersionInfo>
    <BuildModes>
      <Item Name="Linux" Default="True"/>
      <Item Name="Debug">
        <CompilerOptions>
          <Version Value="11"/>
          <PathDelim Value="\"/>
          <Target>
            <Filename Value="binscompiled\QR"/>
          </Target>
          <SearchPaths>
            <IncludeFiles Value="$(ProjOutDir)"/>
            <OtherUnitFiles Value="LinuxV4L2;..\..\..\Lib;..\..\..\Lib\Classes;..\..\..\Lib\Classes\Common;..\..\..\Lib\Classes\Common\Detector;..\..\..\Lib\Classes\Filtering;..\..\..\Lib\Classes\1D Barcodes;..\..\..\Lib\Classes\2D Barcodes;..\..\..\Lib\Classes\2D Barcodes\Decoder;..\..\..\Lib\Classes\2D Barcodes\Detector;..\..\..\Lib\Classes\Common\ReedSolomon;graphics32\Source"/>
            <UnitOutputDirectory Value="libscompiled\$(TargetCPU)-$(TargetOS)"/>
            <SrcPath Value="$(LazarusDir)\lcl;$(LazarusDir)\lcl\interfaces\$(LCLWidgetType)"/>
          </SearchPaths>
          <Parsing>
            <SyntaxOptions>
              <IncludeAssertionCode Value="True"/>
            </SyntaxOptions>
          </Parsing>
          <CodeGeneration>
            <Checks>
              <IOChecks Value="True"/>
              <RangeChecks Value="True"/>
              <OverflowChecks Value="True"/>
              <StackChecks Value="True"/>
            </Checks>
            <VerifyObjMethodCallValidity Value="True"/>
            <TargetCPU Value="arm"/>
            <TargetOS Value="linux"/>
          </CodeGeneration>
          <Linking>
            <Debugging>
              <DebugInfoType Value="dsDwarf2Set"/>
              <UseHeaptrc Value="True"/>
              <TrashVariables Value="True"/>
              <UseExternalDbgSyms Value="True"/>
            </Debugging>
            <Options>
              <PassLinkerOptions Value="True"/>
              <LinkerOptions Value="--warn-unresolved-symbols"/>
            </Options>
          </Linking>
        </CompilerOptions>
      </Item>
      <Item Name="Linux Release">
        <CompilerOptions>
          <Version Value="11"/>
          <PathDelim Value="\"/>
          <Target>
            <Filename Value="ToUse\QR"/>
          </Target>
          <SearchPaths>
            <IncludeFiles Value="$(ProjOutDir)"/>
            <OtherUnitFiles Value="..\..\..\Programmierung\Lazarus"/>
            <UnitOutputDirectory Value="libscompiled\$(TargetCPU)-$(TargetOS)"/>
            <SrcPath Value="$(LazarusDir)\lcl;$(LazarusDir)\lcl\interfaces\$(LCLWidgetType)"/>
          </SearchPaths>
          <CodeGeneration>
            <SmartLinkUnit Value="True"/>
            <RelocatableUnit Value="True"/>
            <TargetCPU Value="x86_64"/>
            <TargetOS Value="linux"/>
            <Optimizations>
              <OptimizationLevel Value="3"/>
            </Optimizations>
          </CodeGeneration>
          <Linking>
            <Debugging>
              <GenerateDebugInfo Value="False"/>
              <DebugInfoType Value="dsDwarf3"/>
            </Debugging>
            <LinkSmart Value="True"/>
            <Options>
              <PassLinkerOptions Value="True"/>
              <LinkerOptions Value="--warn-unresolved-symbols"/>
            </Options>
          </Linking>
          <Other>
            <CustomOptions Value="-dDJ
-dQR
-dQR_Prog
-dTest
-dCap
-dOBS_Tools
-dQR4OBS"/>
          </Other>
        </CompilerOptions>
      </Item>
      <Item Name="Windows">
        <CompilerOptions>
          <Version Value="11"/>
          <PathDelim Value="\"/>
          <Target>
            <Filename Value="Win\QR"/>
          </Target>
          <SearchPaths>
            <IncludeFiles Value="$(ProjOutDir)"/>
            <OtherUnitFiles Value="..\..\..\Programmierung\Lazarus"/>
            <UnitOutputDirectory Value="Windows-$(TargetCPU)-$(TargetOS)"/>
            <SrcPath Value="$(LazarusDir)\lcl;$(LazarusDir)\lcl\interfaces\$(LCLWidgetType)"/>
          </SearchPaths>
          <CodeGeneration>
            <SmartLinkUnit Value="True"/>
            <RelocatableUnit Value="True"/>
            <TargetCPU Value="x86_64"/>
            <TargetOS Value="win64"/>
            <Optimizations>
              <OptimizationLevel Value="2"/>
            </Optimizations>
            <SmallerCode Value="True"/>
          </CodeGeneration>
          <Linking>
            <Debugging>
              <GenerateDebugInfo Value="False"/>
              <DebugInfoType Value="dsDwarf3"/>
            </Debugging>
            <LinkSmart Value="True"/>
            <Options>
              <PassLinkerOptions Value="True"/>
              <LinkerOptions Value="--warn-unresolved-symbols"/>
            </Options>
          </Linking>
          <Other>
            <CustomOptions Value="-dDJ
-dQR
-dQR_Prog
-dTest
-dCap
-dOBS_Tools
-dQR4OBS"/>
            <ExecuteAfter>
              <CompileReasons Run="False"/>
            </ExecuteAfter>
          </Other>
        </CompilerOptions>
      </Item>
      <Item Name="Windows Release">
        <CompilerOptions>
          <Version Value="11"/>
          <PathDelim Value="\"/>
          <Target>
            <Filename Value="Win-Release\QR"/>
          </Target>
          <SearchPaths>
            <IncludeFiles Value="$(ProjOutDir)"/>
            <OtherUnitFiles Value="..\..\..\Programmierung\Lazarus"/>
            <UnitOutputDirectory Value="Windows-$(TargetCPU)-$(TargetOS)"/>
            <SrcPath Value="$(LazarusDir)\lcl;$(LazarusDir)\lcl\interfaces\$(LCLWidgetType)"/>
          </SearchPaths>
          <CodeGeneration>
            <SmartLinkUnit Value="True"/>
            <RelocatableUnit Value="True"/>
            <TargetCPU Value="x86_64"/>
            <TargetOS Value="win64"/>
            <Optimizations>
              <OptimizationLevel Value="3"/>
            </Optimizations>
          </CodeGeneration>
          <Linking>
            <Debugging>
              <GenerateDebugInfo Value="False"/>
              <DebugInfoType Value="dsDwarf3"/>
            </Debugging>
            <LinkSmart Value="True"/>
            <Options>
              <PassLinkerOptions Value="True"/>
              <LinkerOptions Value="--warn-unresolved-symbols"/>
            </Options>
          </Linking>
          <Other>
            <CustomOptions Value="-dDJ
-dQR
-dQR_Prog
-dTest
-dCap
-dOBS_Tools
-dQR4OBS"/>
            <ExecuteAfter>
              <CompileReasons Run="False"/>
            </ExecuteAfter>
          </Other>
        </CompilerOptions>
      </Item>
    </BuildModes>
    <PublishOptions>
      <Version Value="2"/>
      <DestinationDirectory Value="\home\vamlyktan\Entwicklung\Exports\QR"/>
      <OpenInFileMan Value="True"/>
      <UseFileFilters Value="True"/>
    </PublishOptions>
    <RunParams>
      <FormatVersion Value="2"/>
    </RunParams>
    <RequiredPackages>
      <Item>
        <PackageName Value="lazbarcodes"/>
      </Item>
      <Item>
        <PackageName Value="LCL"/>
      </Item>
    </RequiredPackages>
    <Units>
      <Unit>
        <Filename Value="QR.lpr"/>
        <IsPartOfProject Value="True"/>
      </Unit>
      <Unit>
        <Filename Value="_qr.pas"/>
        <IsPartOfProject Value="True"/>
        <ComponentName Value="QR_Frame"/>
        <HasResources Value="True"/>
        <ResourceBaseClass Value="Form"/>
      </Unit>
      <Unit>
        <Filename Value="qr4obs.pas"/>
        <IsPartOfProject Value="True"/>
        <ComponentName Value="QR4OBSFrame"/>
        <HasResources Value="True"/>
        <ResourceBaseClass Value="Form"/>
        <UnitName Value="QR4OBS"/>
      </Unit>
      <Unit>
        <Filename Value="..\..\..\Programmierung\Lazarus\set_data.pas"/>
        <IsPartOfProject Value="True"/>
      </Unit>
      <Unit>
        <Filename Value="..\..\..\Programmierung\Lazarus\uconst.pas"/>
        <IsPartOfProject Value="True"/>
      </Unit>
      <Unit>
        <Filename Value="..\..\..\Programmierung\Lazarus\uvar.pas"/>
        <IsPartOfProject Value="True"/>
      </Unit>
      <Unit>
        <Filename Value="_genre.pas"/>
        <IsPartOfProject Value="True"/>
        <ComponentName Value="Genre"/>
        <HasResources Value="True"/>
        <ResourceBaseClass Value="Form"/>
      </Unit>
    </Units>
  </ProjectOptions>
  <CompilerOptions>
    <Version Value="11"/>
    <PathDelim Value="\"/>
    <Target>
      <Filename Value="QR"/>
    </Target>
    <SearchPaths>
      <IncludeFiles Value="$(ProjOutDir)"/>
      <OtherUnitFiles Value="..\..\..\Programmierung\Lazarus"/>
      <UnitOutputDirectory Value="$(TargetCPU)-$(TargetOS)"/>
      <SrcPath Value="$(LazarusDir)\lcl;$(LazarusDir)\lcl\interfaces\$(LCLWidgetType)"/>
    </SearchPaths>
    <CodeGeneration>
      <SmartLinkUnit Value="True"/>
      <RelocatableUnit Value="True"/>
      <TargetCPU Value="x86_64"/>
      <TargetOS Value="linux"/>
      <Optimizations>
        <OptimizationLevel Value="2"/>
      </Optimizations>
      <SmallerCode Value="True"/>
    </CodeGeneration>
    <Linking>
      <Debugging>
        <DebugInfoType Value="dsDwarf3"/>
        <StripSymbols Value="True"/>
      </Debugging>
      <LinkSmart Value="True"/>
      <Options>
        <PassLinkerOptions Value="True"/>
        <LinkerOptions Value="--warn-unresolved-symbols"/>
      </Options>
    </Linking>
    <Other>
      <Verbosity>
        <ShowNotes Value="False"/>
      </Verbosity>
      <CustomOptions Value="-dDJ
-dQR
-dQR_Prog
-dTest
-dCap
-dOBS_Tools
-dQR4OBS"/>
    </Other>
  </CompilerOptions>
  <Debugging>
    <Exceptions>
      <Item>
        <Name Value="EAbort"/>
      </Item>
      <Item>
        <Name Value="ECodetoolError"/>
      </Item>
      <Item>
        <Name Value="EFOpenError"/>
      </Item>
      <Item>
        <Name Value="EStringListError"/>
      </Item>
    </Exceptions>
  </Debugging>
</CONFIG>
